
Microsoft Visual Studio Solution File, Format Version 12.00
# Visual Studio Version 16
VisualStudioVersion = 16.0.31515.178
MinimumVisualStudioVersion = 10.0.40219.1
Project("{FAE04EC0-301F-11D3-BF4B-00C04F79EFBC}") = "MyDriverControl", "MyDriverControl\MyDriverControl.csproj", "{ADF7AB13-7FF2-47C9-B55D-7A89F160CE9B}"
EndProject
Global
	GlobalSection(SolutionConfigurationPlatforms) = preSolution
		Debug|Any CPU = Debug|Any CPU
		Release|Any CPU = Release|Any CPU
	EndGlobalSection
	GlobalSection(ProjectConfigurationPlatforms) = postSolution
		{ADF7AB13-7FF2-47C9-B55D-7A89F160CE9B}.Debug|Any CPU.ActiveCfg = Debug|Any CPU
		{ADF7AB13-7FF2-47C9-B55D-7A89F160CE9B}.Debug|Any CPU.Build.0 = Debug|Any CPU
		{ADF7AB13-7FF2-47C9-B55D-7A89F160CE9B}.Release|Any CPU.ActiveCfg = Release|Any CPU
		{ADF7AB13-7FF2-47C9-B55D-7A89F160CE9B}.Release|Any CPU.Build.0 = Release|Any CPU
	EndGlobalSection
	GlobalSection(SolutionProperties) = preSolution
		HideSolutionNode = FALSE
	EndGlobalSection
	GlobalSection(ExtensibilityGlobals) = postSolution
		SolutionGuid = {2872060C-D4E7-45FE-B77F-F5E8E0A0E260}
	EndGlobalSection
EndGlobal
